{
  "pins" : [
    {
      "identity" : "id3tageditor",
      "kind" : "remoteSourceControl",
      "location" : "https://github.com/chicio/ID3TagEditor.git",
      "state" : {
        "revision" : "3ccc31eafae0ded1fea8c9acd5e7ef7dfdbf1e8e",
        "version" : "4.6.0"
      }
    },
    {
      "identity" : "komponents",
      "kind" : "remoteSourceControl",
      "location" : "https://github.com/katagaki/Komponents",
      "state" : {
        "branch" : "main",
        "revision" : "1793b8b9dbe8dc8b1622236a49aa48f38ad675d8"
      }
    }
  ],
  "version" : 2
}
