{
  "originHash" : "1be229d3a54ae1783f6c8df7bdcf61a731cce5d04eefe225b0052459d664bd93",
  "pins" : [
    {
      "identity" : "id3tageditor",
      "kind" : "remoteSourceControl",
      "location" : "https://github.com/chicio/ID3TagEditor.git",
      "state" : {
        "revision" : "64f5667df0e779f2f02a08b7084b0cb5bd83ce61",
        "version" : "5.2.0"
      }
    },
    {
      "identity" : "komponents",
      "kind" : "remoteSourceControl",
      "location" : "https://github.com/katagaki/Komponents",
      "state" : {
        "branch" : "main",
        "revision" : "ac1ef7aefb1c4b5a0af65251cb8f14dd42bd1eb6"
      }
    }
  ],
  "version" : 3
}
