{
  "originHash" : "37f8517d9cd34a993adf1b4a453cfb2e82fdbbd760c91a285d2486fe3a40625f",
  "pins" : [
    {
      "identity" : "id3tageditor",
      "kind" : "remoteSourceControl",
      "location" : "https://github.com/chicio/ID3TagEditor",
      "state" : {
        "revision" : "adcebd1680ac1a93f8a95f84c515680cac3c69d6",
        "version" : "5.4.0"
      }
    },
    {
      "identity" : "komponents",
      "kind" : "remoteSourceControl",
      "location" : "https://github.com/katagaki/Komponents",
      "state" : {
        "branch" : "main",
        "revision" : "2431ce046638dc3b86fa187ddcab0f1ed00b321d"
      }
    }
  ],
  "version" : 3
}
