// !$*UTF8*$!
{
	archiveVersion = 1;
	classes = {
	};
	objectVersion = 56;
	objects = {

/* Begin PBXBuildFile section */
		E432A70B2AA9FD5E0043BCC9 /* App.swift in Sources */ = {isa = PBXBuildFile; fileRef = E432A70A2AA9FD5E0043BCC9 /* App.swift */; };
		E432A70D2AA9FD5E0043BCC9 /* FileBrowserView.swift in Sources */ = {isa = PBXBuildFile; fileRef = E432A70C2AA9FD5E0043BCC9 /* FileBrowserView.swift */; };
		E432A70F2AA9FD5F0043BCC9 /* Assets.xcassets in Resources */ = {isa = PBXBuildFile; fileRef = E432A70E2AA9FD5F0043BCC9 /* Assets.xcassets */; };
		E432A71E2AA9FF3A0043BCC9 /* FilesystemManager.swift in Sources */ = {isa = PBXBuildFile; fileRef = E432A71D2AA9FF3A0043BCC9 /* FilesystemManager.swift */; };
		E432A7232AAA094A0043BCC9 /* FSFile.swift in Sources */ = {isa = PBXBuildFile; fileRef = E432A7222AAA094A0043BCC9 /* FSFile.swift */; };
		E432A7262AAA097E0043BCC9 /* ViewPath.swift in Sources */ = {isa = PBXBuildFile; fileRef = E432A7252AAA097E0043BCC9 /* ViewPath.swift */; };
		E432A7282AAA09D50043BCC9 /* NavigationManager.swift in Sources */ = {isa = PBXBuildFile; fileRef = E432A7272AAA09D50043BCC9 /* NavigationManager.swift */; };
		E432A72A2AAA09EE0043BCC9 /* TabType.swift in Sources */ = {isa = PBXBuildFile; fileRef = E432A7292AAA09EE0043BCC9 /* TabType.swift */; };
		E432A72C2AAA0A490043BCC9 /* TabManager.swift in Sources */ = {isa = PBXBuildFile; fileRef = E432A72B2AAA0A490043BCC9 /* TabManager.swift */; };
		E432A72E2AAA0A640043BCC9 /* MainTabView.swift in Sources */ = {isa = PBXBuildFile; fileRef = E432A72D2AAA0A640043BCC9 /* MainTabView.swift */; };
		E432A7302AAA0B2E0043BCC9 /* FSDirectory.swift in Sources */ = {isa = PBXBuildFile; fileRef = E432A72F2AAA0B2E0043BCC9 /* FSDirectory.swift */; };
		E432A7332AAA0BB90043BCC9 /* FilesystemObject.swift in Sources */ = {isa = PBXBuildFile; fileRef = E432A7322AAA0BB90043BCC9 /* FilesystemObject.swift */; };
		E432A73A2AAA167C0043BCC9 /* MoreView.swift in Sources */ = {isa = PBXBuildFile; fileRef = E432A7392AAA167C0043BCC9 /* MoreView.swift */; };
		E432A73C2AAA16910043BCC9 /* ListRow.swift in Sources */ = {isa = PBXBuildFile; fileRef = E432A73B2AAA16910043BCC9 /* ListRow.swift */; };
		E432A73E2AAA169E0043BCC9 /* ListSectionHeader.swift in Sources */ = {isa = PBXBuildFile; fileRef = E432A73D2AAA169E0043BCC9 /* ListSectionHeader.swift */; };
		E432A7402AAA16A90043BCC9 /* LicensesView.swift in Sources */ = {isa = PBXBuildFile; fileRef = E432A73F2AAA16A90043BCC9 /* LicensesView.swift */; };
		E432A7422AAA16B90043BCC9 /* License.swift in Sources */ = {isa = PBXBuildFile; fileRef = E432A7412AAA16B90043BCC9 /* License.swift */; };
		E432A7442AAA20C20043BCC9 /* ListHintOverlay.swift in Sources */ = {isa = PBXBuildFile; fileRef = E432A7432AAA20C20043BCC9 /* ListHintOverlay.swift */; };
		E432A7462AAA265B0043BCC9 /* Localizable.xcstrings in Resources */ = {isa = PBXBuildFile; fileRef = E432A7452AAA265B0043BCC9 /* Localizable.xcstrings */; };
		E432A7482AAA2D2B0043BCC9 /* ListDetailRow.swift in Sources */ = {isa = PBXBuildFile; fileRef = E432A7472AAA2D2B0043BCC9 /* ListDetailRow.swift */; };
		E432A74C2AAA43F00043BCC9 /* ID3TagEditor in Frameworks */ = {isa = PBXBuildFile; productRef = E432A74B2AAA43F00043BCC9 /* ID3TagEditor */; };
		E432A7522AAA49C50043BCC9 /* BatchEditView.swift in Sources */ = {isa = PBXBuildFile; fileRef = E432A7512AAA49C50043BCC9 /* BatchEditView.swift */; };
		E432A7542AAA4A250043BCC9 /* ListFolderRow.swift in Sources */ = {isa = PBXBuildFile; fileRef = E432A7532AAA4A250043BCC9 /* ListFolderRow.swift */; };
		E432A7572AAA4A2F0043BCC9 /* ListFileRow.swift in Sources */ = {isa = PBXBuildFile; fileRef = E432A7562AAA4A2F0043BCC9 /* ListFileRow.swift */; };
		E432A7592AAA524A0043BCC9 /* LargeButtonLabel.swift in Sources */ = {isa = PBXBuildFile; fileRef = E432A7582AAA524A0043BCC9 /* LargeButtonLabel.swift */; };
		E432A75B2AAA545C0043BCC9 /* FileBrowserNoFilesTip.swift in Sources */ = {isa = PBXBuildFile; fileRef = E432A75A2AAA545C0043BCC9 /* FileBrowserNoFilesTip.swift */; };
		E432A75F2AAB35420043BCC9 /* SaveState.swift in Sources */ = {isa = PBXBuildFile; fileRef = E432A75E2AAB35420043BCC9 /* SaveState.swift */; };
		E432A7612AAB41920043BCC9 /* TagEditorView.swift in Sources */ = {isa = PBXBuildFile; fileRef = E432A7602AAB41920043BCC9 /* TagEditorView.swift */; };
		E432A7632AAB530A0043BCC9 /* BatchFileManager.swift in Sources */ = {isa = PBXBuildFile; fileRef = E432A7622AAB530A0043BCC9 /* BatchFileManager.swift */; };
		E432A7652AAB9AA70043BCC9 /* AvailableTokensTip.swift in Sources */ = {isa = PBXBuildFile; fileRef = E432A7642AAB9AA70043BCC9 /* AvailableTokensTip.swift */; };
		E432A7672AAB9D9E0043BCC9 /* TagDataSection.swift in Sources */ = {isa = PBXBuildFile; fileRef = E432A7662AAB9D9E0043BCC9 /* TagDataSection.swift */; };
		E432A7692AAB9EBE0043BCC9 /* AvailableTokenRow.swift in Sources */ = {isa = PBXBuildFile; fileRef = E432A7682AAB9EBE0043BCC9 /* AvailableTokenRow.swift */; };
		E432A76B2AAB9F430043BCC9 /* FileHeaderSection.swift in Sources */ = {isa = PBXBuildFile; fileRef = E432A76A2AAB9F430043BCC9 /* FileHeaderSection.swift */; };
		E432A7702AAC3E320043BCC9 /* Tag.swift in Sources */ = {isa = PBXBuildFile; fileRef = E432A76F2AAC3E320043BCC9 /* Tag.swift */; };
		E432A7722AAC445B0043BCC9 /* TagTyped.swift in Sources */ = {isa = PBXBuildFile; fileRef = E432A7712AAC445B0043BCC9 /* TagTyped.swift */; };
		E432A7742AAC4A7B0043BCC9 /* FocusedField.swift in Sources */ = {isa = PBXBuildFile; fileRef = E432A7732AAC4A7B0043BCC9 /* FocusedField.swift */; };
/* End PBXBuildFile section */

/* Begin PBXFileReference section */
		E432A7072AA9FD5E0043BCC9 /* Tunetag.app */ = {isa = PBXFileReference; explicitFileType = wrapper.application; includeInIndex = 0; path = Tunetag.app; sourceTree = BUILT_PRODUCTS_DIR; };
		E432A70A2AA9FD5E0043BCC9 /* App.swift */ = {isa = PBXFileReference; lastKnownFileType = sourcecode.swift; path = App.swift; sourceTree = "<group>"; };
		E432A70C2AA9FD5E0043BCC9 /* FileBrowserView.swift */ = {isa = PBXFileReference; lastKnownFileType = sourcecode.swift; path = FileBrowserView.swift; sourceTree = "<group>"; };
		E432A70E2AA9FD5F0043BCC9 /* Assets.xcassets */ = {isa = PBXFileReference; lastKnownFileType = folder.assetcatalog; path = Assets.xcassets; sourceTree = "<group>"; };
		E432A7102AA9FD5F0043BCC9 /* Tunetag.entitlements */ = {isa = PBXFileReference; lastKnownFileType = text.plist.entitlements; path = Tunetag.entitlements; sourceTree = "<group>"; };
		E432A71C2AA9FE8D0043BCC9 /* Info.plist */ = {isa = PBXFileReference; lastKnownFileType = text.plist; path = Info.plist; sourceTree = "<group>"; };
		E432A71D2AA9FF3A0043BCC9 /* FilesystemManager.swift */ = {isa = PBXFileReference; lastKnownFileType = sourcecode.swift; path = FilesystemManager.swift; sourceTree = "<group>"; };
		E432A7222AAA094A0043BCC9 /* FSFile.swift */ = {isa = PBXFileReference; lastKnownFileType = sourcecode.swift; path = FSFile.swift; sourceTree = "<group>"; };
		E432A7252AAA097E0043BCC9 /* ViewPath.swift */ = {isa = PBXFileReference; lastKnownFileType = sourcecode.swift; path = ViewPath.swift; sourceTree = "<group>"; };
		E432A7272AAA09D50043BCC9 /* NavigationManager.swift */ = {isa = PBXFileReference; lastKnownFileType = sourcecode.swift; path = NavigationManager.swift; sourceTree = "<group>"; };
		E432A7292AAA09EE0043BCC9 /* TabType.swift */ = {isa = PBXFileReference; lastKnownFileType = sourcecode.swift; path = TabType.swift; sourceTree = "<group>"; };
		E432A72B2AAA0A490043BCC9 /* TabManager.swift */ = {isa = PBXFileReference; lastKnownFileType = sourcecode.swift; path = TabManager.swift; sourceTree = "<group>"; };
		E432A72D2AAA0A640043BCC9 /* MainTabView.swift */ = {isa = PBXFileReference; lastKnownFileType = sourcecode.swift; path = MainTabView.swift; sourceTree = "<group>"; };
		E432A72F2AAA0B2E0043BCC9 /* FSDirectory.swift */ = {isa = PBXFileReference; lastKnownFileType = sourcecode.swift; path = FSDirectory.swift; sourceTree = "<group>"; };
		E432A7322AAA0BB90043BCC9 /* FilesystemObject.swift */ = {isa = PBXFileReference; lastKnownFileType = sourcecode.swift; path = FilesystemObject.swift; sourceTree = "<group>"; };
		E432A7392AAA167C0043BCC9 /* MoreView.swift */ = {isa = PBXFileReference; lastKnownFileType = sourcecode.swift; path = MoreView.swift; sourceTree = "<group>"; };
		E432A73B2AAA16910043BCC9 /* ListRow.swift */ = {isa = PBXFileReference; lastKnownFileType = sourcecode.swift; path = ListRow.swift; sourceTree = "<group>"; };
		E432A73D2AAA169E0043BCC9 /* ListSectionHeader.swift */ = {isa = PBXFileReference; lastKnownFileType = sourcecode.swift; path = ListSectionHeader.swift; sourceTree = "<group>"; };
		E432A73F2AAA16A90043BCC9 /* LicensesView.swift */ = {isa = PBXFileReference; lastKnownFileType = sourcecode.swift; path = LicensesView.swift; sourceTree = "<group>"; };
		E432A7412AAA16B90043BCC9 /* License.swift */ = {isa = PBXFileReference; lastKnownFileType = sourcecode.swift; path = License.swift; sourceTree = "<group>"; };
		E432A7432AAA20C20043BCC9 /* ListHintOverlay.swift */ = {isa = PBXFileReference; lastKnownFileType = sourcecode.swift; path = ListHintOverlay.swift; sourceTree = "<group>"; };
		E432A7452AAA265B0043BCC9 /* Localizable.xcstrings */ = {isa = PBXFileReference; lastKnownFileType = text.json.xcstrings; path = Localizable.xcstrings; sourceTree = "<group>"; };
		E432A7472AAA2D2B0043BCC9 /* ListDetailRow.swift */ = {isa = PBXFileReference; lastKnownFileType = sourcecode.swift; path = ListDetailRow.swift; sourceTree = "<group>"; };
		E432A7512AAA49C50043BCC9 /* BatchEditView.swift */ = {isa = PBXFileReference; lastKnownFileType = sourcecode.swift; path = BatchEditView.swift; sourceTree = "<group>"; };
		E432A7532AAA4A250043BCC9 /* ListFolderRow.swift */ = {isa = PBXFileReference; lastKnownFileType = sourcecode.swift; path = ListFolderRow.swift; sourceTree = "<group>"; };
		E432A7562AAA4A2F0043BCC9 /* ListFileRow.swift */ = {isa = PBXFileReference; lastKnownFileType = sourcecode.swift; path = ListFileRow.swift; sourceTree = "<group>"; };
		E432A7582AAA524A0043BCC9 /* LargeButtonLabel.swift */ = {isa = PBXFileReference; lastKnownFileType = sourcecode.swift; path = LargeButtonLabel.swift; sourceTree = "<group>"; };
		E432A75A2AAA545C0043BCC9 /* FileBrowserNoFilesTip.swift */ = {isa = PBXFileReference; lastKnownFileType = sourcecode.swift; path = FileBrowserNoFilesTip.swift; sourceTree = "<group>"; };
		E432A75E2AAB35420043BCC9 /* SaveState.swift */ = {isa = PBXFileReference; lastKnownFileType = sourcecode.swift; path = SaveState.swift; sourceTree = "<group>"; };
		E432A7602AAB41920043BCC9 /* TagEditorView.swift */ = {isa = PBXFileReference; lastKnownFileType = sourcecode.swift; path = TagEditorView.swift; sourceTree = "<group>"; };
		E432A7622AAB530A0043BCC9 /* BatchFileManager.swift */ = {isa = PBXFileReference; lastKnownFileType = sourcecode.swift; path = BatchFileManager.swift; sourceTree = "<group>"; };
		E432A7642AAB9AA70043BCC9 /* AvailableTokensTip.swift */ = {isa = PBXFileReference; lastKnownFileType = sourcecode.swift; path = AvailableTokensTip.swift; sourceTree = "<group>"; };
		E432A7662AAB9D9E0043BCC9 /* TagDataSection.swift */ = {isa = PBXFileReference; lastKnownFileType = sourcecode.swift; path = TagDataSection.swift; sourceTree = "<group>"; };
		E432A7682AAB9EBE0043BCC9 /* AvailableTokenRow.swift */ = {isa = PBXFileReference; lastKnownFileType = sourcecode.swift; path = AvailableTokenRow.swift; sourceTree = "<group>"; };
		E432A76A2AAB9F430043BCC9 /* FileHeaderSection.swift */ = {isa = PBXFileReference; lastKnownFileType = sourcecode.swift; path = FileHeaderSection.swift; sourceTree = "<group>"; };
		E432A76F2AAC3E320043BCC9 /* Tag.swift */ = {isa = PBXFileReference; lastKnownFileType = sourcecode.swift; path = Tag.swift; sourceTree = "<group>"; };
		E432A7712AAC445B0043BCC9 /* TagTyped.swift */ = {isa = PBXFileReference; lastKnownFileType = sourcecode.swift; path = TagTyped.swift; sourceTree = "<group>"; };
		E432A7732AAC4A7B0043BCC9 /* FocusedField.swift */ = {isa = PBXFileReference; lastKnownFileType = sourcecode.swift; path = FocusedField.swift; sourceTree = "<group>"; };
/* End PBXFileReference section */

/* Begin PBXFrameworksBuildPhase section */
		E432A7042AA9FD5E0043BCC9 /* Frameworks */ = {
			isa = PBXFrameworksBuildPhase;
			buildActionMask = 2147483647;
			files = (
				E432A74C2AAA43F00043BCC9 /* ID3TagEditor in Frameworks */,
			);
			runOnlyForDeploymentPostprocessing = 0;
		};
/* End PBXFrameworksBuildPhase section */

/* Begin PBXGroup section */
		E432A6FE2AA9FD5E0043BCC9 = {
			isa = PBXGroup;
			children = (
				E432A7092AA9FD5E0043BCC9 /* Tunetag */,
				E432A7082AA9FD5E0043BCC9 /* Products */,
			);
			sourceTree = "<group>";
		};
		E432A7082AA9FD5E0043BCC9 /* Products */ = {
			isa = PBXGroup;
			children = (
				E432A7072AA9FD5E0043BCC9 /* Tunetag.app */,
			);
			name = Products;
			sourceTree = "<group>";
		};
		E432A7092AA9FD5E0043BCC9 /* Tunetag */ = {
			isa = PBXGroup;
			children = (
				E432A7102AA9FD5F0043BCC9 /* Tunetag.entitlements */,
				E432A71C2AA9FE8D0043BCC9 /* Info.plist */,
				E432A70E2AA9FD5F0043BCC9 /* Assets.xcassets */,
				E432A7452AAA265B0043BCC9 /* Localizable.xcstrings */,
				E432A71F2AAA08F10043BCC9 /* Views */,
				E432A7212AAA093D0043BCC9 /* Structs */,
				E432A7202AAA08F70043BCC9 /* Classes */,
				E432A7242AAA09700043BCC9 /* Enums */,
				E432A7312AAA0BAB0043BCC9 /* Protocols */,
			);
			path = Tunetag;
			sourceTree = "<group>";
		};
		E432A71F2AAA08F10043BCC9 /* Views */ = {
			isa = PBXGroup;
			children = (
				E432A70A2AA9FD5E0043BCC9 /* App.swift */,
				E432A72D2AAA0A640043BCC9 /* MainTabView.swift */,
				E432A74E2AAA498D0043BCC9 /* Files */,
				E432A7502AAA49AE0043BCC9 /* Batch Edit */,
				E432A74F2AAA49940043BCC9 /* More */,
				E432A74D2AAA498A0043BCC9 /* Shared */,
			);
			path = Views;
			sourceTree = "<group>";
		};
		E432A7202AAA08F70043BCC9 /* Classes */ = {
			isa = PBXGroup;
			children = (
				E432A71D2AA9FF3A0043BCC9 /* FilesystemManager.swift */,
				E432A7622AAB530A0043BCC9 /* BatchFileManager.swift */,
				E432A7272AAA09D50043BCC9 /* NavigationManager.swift */,
				E432A72B2AAA0A490043BCC9 /* TabManager.swift */,
			);
			path = Classes;
			sourceTree = "<group>";
		};
		E432A7212AAA093D0043BCC9 /* Structs */ = {
			isa = PBXGroup;
			children = (
				E432A7222AAA094A0043BCC9 /* FSFile.swift */,
				E432A72F2AAA0B2E0043BCC9 /* FSDirectory.swift */,
				E432A75A2AAA545C0043BCC9 /* FileBrowserNoFilesTip.swift */,
				E432A7642AAB9AA70043BCC9 /* AvailableTokensTip.swift */,
				E432A7412AAA16B90043BCC9 /* License.swift */,
				E432A76F2AAC3E320043BCC9 /* Tag.swift */,
				E432A7712AAC445B0043BCC9 /* TagTyped.swift */,
			);
			path = Structs;
			sourceTree = "<group>";
		};
		E432A7242AAA09700043BCC9 /* Enums */ = {
			isa = PBXGroup;
			children = (
				E432A75E2AAB35420043BCC9 /* SaveState.swift */,
				E432A7252AAA097E0043BCC9 /* ViewPath.swift */,
				E432A7292AAA09EE0043BCC9 /* TabType.swift */,
				E432A7732AAC4A7B0043BCC9 /* FocusedField.swift */,
			);
			path = Enums;
			sourceTree = "<group>";
		};
		E432A7312AAA0BAB0043BCC9 /* Protocols */ = {
			isa = PBXGroup;
			children = (
				E432A7322AAA0BB90043BCC9 /* FilesystemObject.swift */,
			);
			path = Protocols;
			sourceTree = "<group>";
		};
		E432A74D2AAA498A0043BCC9 /* Shared */ = {
			isa = PBXGroup;
			children = (
				E432A7602AAB41920043BCC9 /* TagEditorView.swift */,
				E432A76A2AAB9F430043BCC9 /* FileHeaderSection.swift */,
				E432A7662AAB9D9E0043BCC9 /* TagDataSection.swift */,
				E432A7682AAB9EBE0043BCC9 /* AvailableTokenRow.swift */,
				E432A73D2AAA169E0043BCC9 /* ListSectionHeader.swift */,
				E432A73B2AAA16910043BCC9 /* ListRow.swift */,
				E432A7472AAA2D2B0043BCC9 /* ListDetailRow.swift */,
				E432A7532AAA4A250043BCC9 /* ListFolderRow.swift */,
				E432A7562AAA4A2F0043BCC9 /* ListFileRow.swift */,
				E432A7432AAA20C20043BCC9 /* ListHintOverlay.swift */,
				E432A7582AAA524A0043BCC9 /* LargeButtonLabel.swift */,
			);
			path = Shared;
			sourceTree = "<group>";
		};
		E432A74E2AAA498D0043BCC9 /* Files */ = {
			isa = PBXGroup;
			children = (
				E432A70C2AA9FD5E0043BCC9 /* FileBrowserView.swift */,
			);
			path = Files;
			sourceTree = "<group>";
		};
		E432A74F2AAA49940043BCC9 /* More */ = {
			isa = PBXGroup;
			children = (
				E432A7392AAA167C0043BCC9 /* MoreView.swift */,
				E432A73F2AAA16A90043BCC9 /* LicensesView.swift */,
			);
			path = More;
			sourceTree = "<group>";
		};
		E432A7502AAA49AE0043BCC9 /* Batch Edit */ = {
			isa = PBXGroup;
			children = (
				E432A7512AAA49C50043BCC9 /* BatchEditView.swift */,
			);
			path = "Batch Edit";
			sourceTree = "<group>";
		};
/* End PBXGroup section */

/* Begin PBXNativeTarget section */
		E432A7062AA9FD5E0043BCC9 /* Tunetag */ = {
			isa = PBXNativeTarget;
			buildConfigurationList = E432A7162AA9FD5F0043BCC9 /* Build configuration list for PBXNativeTarget "Tunetag" */;
			buildPhases = (
				E432A7032AA9FD5E0043BCC9 /* Sources */,
				E432A7042AA9FD5E0043BCC9 /* Frameworks */,
				E432A7052AA9FD5E0043BCC9 /* Resources */,
				E432A7492AAA31820043BCC9 /* ShellScript */,
			);
			buildRules = (
			);
			dependencies = (
			);
			name = Tunetag;
			packageProductDependencies = (
				E432A74B2AAA43F00043BCC9 /* ID3TagEditor */,
			);
			productName = Tunetag;
			productReference = E432A7072AA9FD5E0043BCC9 /* Tunetag.app */;
			productType = "com.apple.product-type.application";
		};
/* End PBXNativeTarget section */

/* Begin PBXProject section */
		E432A6FF2AA9FD5E0043BCC9 /* Project object */ = {
			isa = PBXProject;
			attributes = {
				BuildIndependentTargetsInParallel = 1;
				LastSwiftUpdateCheck = 1500;
				LastUpgradeCheck = 1500;
				TargetAttributes = {
					E432A7062AA9FD5E0043BCC9 = {
						CreatedOnToolsVersion = 15.0;
					};
				};
			};
			buildConfigurationList = E432A7022AA9FD5E0043BCC9 /* Build configuration list for PBXProject "Tunetag" */;
			compatibilityVersion = "Xcode 14.0";
			developmentRegion = en;
			hasScannedForEncodings = 0;
			knownRegions = (
				en,
				Base,
				ja,
			);
			mainGroup = E432A6FE2AA9FD5E0043BCC9;
			packageReferences = (
				E432A74A2AAA43F00043BCC9 /* XCRemoteSwiftPackageReference "ID3TagEditor" */,
			);
			productRefGroup = E432A7082AA9FD5E0043BCC9 /* Products */;
			projectDirPath = "";
			projectRoot = "";
			targets = (
				E432A7062AA9FD5E0043BCC9 /* Tunetag */,
			);
		};
/* End PBXProject section */

/* Begin PBXResourcesBuildPhase section */
		E432A7052AA9FD5E0043BCC9 /* Resources */ = {
			isa = PBXResourcesBuildPhase;
			buildActionMask = 2147483647;
			files = (
				E432A7462AAA265B0043BCC9 /* Localizable.xcstrings in Resources */,
				E432A70F2AA9FD5F0043BCC9 /* Assets.xcassets in Resources */,
			);
			runOnlyForDeploymentPostprocessing = 0;
		};
/* End PBXResourcesBuildPhase section */

/* Begin PBXShellScriptBuildPhase section */
		E432A7492AAA31820043BCC9 /* ShellScript */ = {
			isa = PBXShellScriptBuildPhase;
			alwaysOutOfDate = 1;
			buildActionMask = 2147483647;
			files = (
			);
			inputFileListPaths = (
			);
			inputPaths = (
			);
			outputFileListPaths = (
			);
			outputPaths = (
			);
			runOnlyForDeploymentPostprocessing = 0;
			shellPath = /bin/sh;
			shellScript = "export PATH=\"$PATH:/opt/homebrew/bin\"\nif which swiftlint > /dev/null; then\n  swiftlint\nelse\n  echo \"warning: SwiftLint not installed, download from https://github.com/realm/SwiftLint\"\nfi\n";
		};
/* End PBXShellScriptBuildPhase section */

/* Begin PBXSourcesBuildPhase section */
		E432A7032AA9FD5E0043BCC9 /* Sources */ = {
			isa = PBXSourcesBuildPhase;
			buildActionMask = 2147483647;
			files = (
				E432A7702AAC3E320043BCC9 /* Tag.swift in Sources */,
				E432A7672AAB9D9E0043BCC9 /* TagDataSection.swift in Sources */,
				E432A7482AAA2D2B0043BCC9 /* ListDetailRow.swift in Sources */,
				E432A75F2AAB35420043BCC9 /* SaveState.swift in Sources */,
				E432A7232AAA094A0043BCC9 /* FSFile.swift in Sources */,
				E432A71E2AA9FF3A0043BCC9 /* FilesystemManager.swift in Sources */,
				E432A7742AAC4A7B0043BCC9 /* FocusedField.swift in Sources */,
				E432A7592AAA524A0043BCC9 /* LargeButtonLabel.swift in Sources */,
				E432A7332AAA0BB90043BCC9 /* FilesystemObject.swift in Sources */,
				E432A73A2AAA167C0043BCC9 /* MoreView.swift in Sources */,
				E432A72E2AAA0A640043BCC9 /* MainTabView.swift in Sources */,
				E432A76B2AAB9F430043BCC9 /* FileHeaderSection.swift in Sources */,
				E432A7722AAC445B0043BCC9 /* TagTyped.swift in Sources */,
				E432A7262AAA097E0043BCC9 /* ViewPath.swift in Sources */,
				E432A70D2AA9FD5E0043BCC9 /* FileBrowserView.swift in Sources */,
				E432A70B2AA9FD5E0043BCC9 /* App.swift in Sources */,
				E432A7632AAB530A0043BCC9 /* BatchFileManager.swift in Sources */,
				E432A7692AAB9EBE0043BCC9 /* AvailableTokenRow.swift in Sources */,
				E432A7572AAA4A2F0043BCC9 /* ListFileRow.swift in Sources */,
				E432A7302AAA0B2E0043BCC9 /* FSDirectory.swift in Sources */,
				E432A72C2AAA0A490043BCC9 /* TabManager.swift in Sources */,
				E432A7542AAA4A250043BCC9 /* ListFolderRow.swift in Sources */,
				E432A75B2AAA545C0043BCC9 /* FileBrowserNoFilesTip.swift in Sources */,
				E432A7282AAA09D50043BCC9 /* NavigationManager.swift in Sources */,
				E432A7522AAA49C50043BCC9 /* BatchEditView.swift in Sources */,
				E432A7612AAB41920043BCC9 /* TagEditorView.swift in Sources */,
				E432A73E2AAA169E0043BCC9 /* ListSectionHeader.swift in Sources */,
				E432A73C2AAA16910043BCC9 /* ListRow.swift in Sources */,
				E432A7402AAA16A90043BCC9 /* LicensesView.swift in Sources */,
				E432A7442AAA20C20043BCC9 /* ListHintOverlay.swift in Sources */,
				E432A7652AAB9AA70043BCC9 /* AvailableTokensTip.swift in Sources */,
				E432A7422AAA16B90043BCC9 /* License.swift in Sources */,
				E432A72A2AAA09EE0043BCC9 /* TabType.swift in Sources */,
			);
			runOnlyForDeploymentPostprocessing = 0;
		};
/* End PBXSourcesBuildPhase section */

/* Begin XCBuildConfiguration section */
		E432A7142AA9FD5F0043BCC9 /* Debug */ = {
			isa = XCBuildConfiguration;
			buildSettings = {
				ALWAYS_SEARCH_USER_PATHS = NO;
				ASSETCATALOG_COMPILER_GENERATE_SWIFT_ASSET_SYMBOL_EXTENSIONS = YES;
				CLANG_ANALYZER_NONNULL = YES;
				CLANG_ANALYZER_NUMBER_OBJECT_CONVERSION = YES_AGGRESSIVE;
				CLANG_CXX_LANGUAGE_STANDARD = "gnu++20";
				CLANG_ENABLE_MODULES = YES;
				CLANG_ENABLE_OBJC_ARC = YES;
				CLANG_ENABLE_OBJC_WEAK = YES;
				CLANG_WARN_BLOCK_CAPTURE_AUTORELEASING = YES;
				CLANG_WARN_BOOL_CONVERSION = YES;
				CLANG_WARN_COMMA = YES;
				CLANG_WARN_CONSTANT_CONVERSION = YES;
				CLANG_WARN_DEPRECATED_OBJC_IMPLEMENTATIONS = YES;
				CLANG_WARN_DIRECT_OBJC_ISA_USAGE = YES_ERROR;
				CLANG_WARN_DOCUMENTATION_COMMENTS = YES;
				CLANG_WARN_EMPTY_BODY = YES;
				CLANG_WARN_ENUM_CONVERSION = YES;
				CLANG_WARN_INFINITE_RECURSION = YES;
				CLANG_WARN_INT_CONVERSION = YES;
				CLANG_WARN_NON_LITERAL_NULL_CONVERSION = YES;
				CLANG_WARN_OBJC_IMPLICIT_RETAIN_SELF = YES;
				CLANG_WARN_OBJC_LITERAL_CONVERSION = YES;
				CLANG_WARN_OBJC_ROOT_CLASS = YES_ERROR;
				CLANG_WARN_QUOTED_INCLUDE_IN_FRAMEWORK_HEADER = YES;
				CLANG_WARN_RANGE_LOOP_ANALYSIS = YES;
				CLANG_WARN_STRICT_PROTOTYPES = YES;
				CLANG_WARN_SUSPICIOUS_MOVE = YES;
				CLANG_WARN_UNGUARDED_AVAILABILITY = YES_AGGRESSIVE;
				CLANG_WARN_UNREACHABLE_CODE = YES;
				CLANG_WARN__DUPLICATE_METHOD_MATCH = YES;
				COPY_PHASE_STRIP = NO;
				DEBUG_INFORMATION_FORMAT = dwarf;
				ENABLE_STRICT_OBJC_MSGSEND = YES;
				ENABLE_TESTABILITY = YES;
				ENABLE_USER_SCRIPT_SANDBOXING = YES;
				GCC_C_LANGUAGE_STANDARD = gnu17;
				GCC_DYNAMIC_NO_PIC = NO;
				GCC_NO_COMMON_BLOCKS = YES;
				GCC_OPTIMIZATION_LEVEL = 0;
				GCC_PREPROCESSOR_DEFINITIONS = (
					"DEBUG=1",
					"$(inherited)",
				);
				GCC_WARN_64_TO_32_BIT_CONVERSION = YES;
				GCC_WARN_ABOUT_RETURN_TYPE = YES_ERROR;
				GCC_WARN_UNDECLARED_SELECTOR = YES;
				GCC_WARN_UNINITIALIZED_AUTOS = YES_AGGRESSIVE;
				GCC_WARN_UNUSED_FUNCTION = YES;
				GCC_WARN_UNUSED_VARIABLE = YES;
				LOCALIZATION_PREFERS_STRING_CATALOGS = YES;
				MTL_ENABLE_DEBUG_INFO = INCLUDE_SOURCE;
				MTL_FAST_MATH = YES;
				ONLY_ACTIVE_ARCH = YES;
				SWIFT_ACTIVE_COMPILATION_CONDITIONS = "DEBUG $(inherited)";
				SWIFT_OPTIMIZATION_LEVEL = "-Onone";
			};
			name = Debug;
		};
		E432A7152AA9FD5F0043BCC9 /* Release */ = {
			isa = XCBuildConfiguration;
			buildSettings = {
				ALWAYS_SEARCH_USER_PATHS = NO;
				ASSETCATALOG_COMPILER_GENERATE_SWIFT_ASSET_SYMBOL_EXTENSIONS = YES;
				CLANG_ANALYZER_NONNULL = YES;
				CLANG_ANALYZER_NUMBER_OBJECT_CONVERSION = YES_AGGRESSIVE;
				CLANG_CXX_LANGUAGE_STANDARD = "gnu++20";
				CLANG_ENABLE_MODULES = YES;
				CLANG_ENABLE_OBJC_ARC = YES;
				CLANG_ENABLE_OBJC_WEAK = YES;
				CLANG_WARN_BLOCK_CAPTURE_AUTORELEASING = YES;
				CLANG_WARN_BOOL_CONVERSION = YES;
				CLANG_WARN_COMMA = YES;
				CLANG_WARN_CONSTANT_CONVERSION = YES;
				CLANG_WARN_DEPRECATED_OBJC_IMPLEMENTATIONS = YES;
				CLANG_WARN_DIRECT_OBJC_ISA_USAGE = YES_ERROR;
				CLANG_WARN_DOCUMENTATION_COMMENTS = YES;
				CLANG_WARN_EMPTY_BODY = YES;
				CLANG_WARN_ENUM_CONVERSION = YES;
				CLANG_WARN_INFINITE_RECURSION = YES;
				CLANG_WARN_INT_CONVERSION = YES;
				CLANG_WARN_NON_LITERAL_NULL_CONVERSION = YES;
				CLANG_WARN_OBJC_IMPLICIT_RETAIN_SELF = YES;
				CLANG_WARN_OBJC_LITERAL_CONVERSION = YES;
				CLANG_WARN_OBJC_ROOT_CLASS = YES_ERROR;
				CLANG_WARN_QUOTED_INCLUDE_IN_FRAMEWORK_HEADER = YES;
				CLANG_WARN_RANGE_LOOP_ANALYSIS = YES;
				CLANG_WARN_STRICT_PROTOTYPES = YES;
				CLANG_WARN_SUSPICIOUS_MOVE = YES;
				CLANG_WARN_UNGUARDED_AVAILABILITY = YES_AGGRESSIVE;
				CLANG_WARN_UNREACHABLE_CODE = YES;
				CLANG_WARN__DUPLICATE_METHOD_MATCH = YES;
				COPY_PHASE_STRIP = NO;
				DEBUG_INFORMATION_FORMAT = "dwarf-with-dsym";
				ENABLE_NS_ASSERTIONS = NO;
				ENABLE_STRICT_OBJC_MSGSEND = YES;
				ENABLE_USER_SCRIPT_SANDBOXING = YES;
				GCC_C_LANGUAGE_STANDARD = gnu17;
				GCC_NO_COMMON_BLOCKS = YES;
				GCC_WARN_64_TO_32_BIT_CONVERSION = YES;
				GCC_WARN_ABOUT_RETURN_TYPE = YES_ERROR;
				GCC_WARN_UNDECLARED_SELECTOR = YES;
				GCC_WARN_UNINITIALIZED_AUTOS = YES_AGGRESSIVE;
				GCC_WARN_UNUSED_FUNCTION = YES;
				GCC_WARN_UNUSED_VARIABLE = YES;
				LOCALIZATION_PREFERS_STRING_CATALOGS = YES;
				MTL_ENABLE_DEBUG_INFO = NO;
				MTL_FAST_MATH = YES;
				SWIFT_COMPILATION_MODE = wholemodule;
			};
			name = Release;
		};
		E432A7172AA9FD5F0043BCC9 /* Debug */ = {
			isa = XCBuildConfiguration;
			buildSettings = {
				ASSETCATALOG_COMPILER_APPICON_NAME = AppIcon;
				ASSETCATALOG_COMPILER_GLOBAL_ACCENT_COLOR_NAME = AccentColor;
				CODE_SIGN_ENTITLEMENTS = Tunetag/Tunetag.entitlements;
				CODE_SIGN_STYLE = Automatic;
				CURRENT_PROJECT_VERSION = 1;
				DEVELOPMENT_TEAM = YYM4Z6MU8F;
				ENABLE_HARDENED_RUNTIME = YES;
				ENABLE_PREVIEWS = YES;
				ENABLE_USER_SCRIPT_SANDBOXING = NO;
				GENERATE_INFOPLIST_FILE = YES;
				INFOPLIST_FILE = Tunetag/Info.plist;
				INFOPLIST_KEY_LSSupportsOpeningDocumentsInPlace = YES;
				"INFOPLIST_KEY_UIApplicationSceneManifest_Generation[sdk=iphoneos*]" = YES;
				"INFOPLIST_KEY_UIApplicationSceneManifest_Generation[sdk=iphonesimulator*]" = YES;
				"INFOPLIST_KEY_UIApplicationSupportsIndirectInputEvents[sdk=iphoneos*]" = YES;
				"INFOPLIST_KEY_UIApplicationSupportsIndirectInputEvents[sdk=iphonesimulator*]" = YES;
				"INFOPLIST_KEY_UILaunchScreen_Generation[sdk=iphoneos*]" = YES;
				"INFOPLIST_KEY_UILaunchScreen_Generation[sdk=iphonesimulator*]" = YES;
				"INFOPLIST_KEY_UIStatusBarStyle[sdk=iphoneos*]" = UIStatusBarStyleDefault;
				"INFOPLIST_KEY_UIStatusBarStyle[sdk=iphonesimulator*]" = UIStatusBarStyleDefault;
				INFOPLIST_KEY_UISupportedInterfaceOrientations_iPad = "UIInterfaceOrientationPortrait UIInterfaceOrientationPortraitUpsideDown UIInterfaceOrientationLandscapeLeft UIInterfaceOrientationLandscapeRight";
				INFOPLIST_KEY_UISupportedInterfaceOrientations_iPhone = "UIInterfaceOrientationPortrait UIInterfaceOrientationLandscapeLeft UIInterfaceOrientationLandscapeRight";
				IPHONEOS_DEPLOYMENT_TARGET = 17.0;
				LD_RUNPATH_SEARCH_PATHS = "@executable_path/Frameworks";
				"LD_RUNPATH_SEARCH_PATHS[sdk=macosx*]" = "@executable_path/../Frameworks";
				MACOSX_DEPLOYMENT_TARGET = 14.0;
				MARKETING_VERSION = 1.0;
				PRODUCT_BUNDLE_IDENTIFIER = com.tsubuzaki.Tunetag;
				PRODUCT_NAME = "$(TARGET_NAME)";
				SDKROOT = auto;
				SUPPORTED_PLATFORMS = "iphoneos iphonesimulator";
				SUPPORTS_MACCATALYST = NO;
				SWIFT_EMIT_LOC_STRINGS = YES;
				SWIFT_VERSION = 5.0;
				TARGETED_DEVICE_FAMILY = "1,2";
			};
			name = Debug;
		};
		E432A7182AA9FD5F0043BCC9 /* Release */ = {
			isa = XCBuildConfiguration;
			buildSettings = {
				ASSETCATALOG_COMPILER_APPICON_NAME = AppIcon;
				ASSETCATALOG_COMPILER_GLOBAL_ACCENT_COLOR_NAME = AccentColor;
				CODE_SIGN_ENTITLEMENTS = Tunetag/Tunetag.entitlements;
				CODE_SIGN_STYLE = Automatic;
				CURRENT_PROJECT_VERSION = 1;
				DEVELOPMENT_TEAM = YYM4Z6MU8F;
				ENABLE_HARDENED_RUNTIME = YES;
				ENABLE_PREVIEWS = YES;
				ENABLE_USER_SCRIPT_SANDBOXING = NO;
				GENERATE_INFOPLIST_FILE = YES;
				INFOPLIST_FILE = Tunetag/Info.plist;
				INFOPLIST_KEY_LSSupportsOpeningDocumentsInPlace = YES;
				"INFOPLIST_KEY_UIApplicationSceneManifest_Generation[sdk=iphoneos*]" = YES;
				"INFOPLIST_KEY_UIApplicationSceneManifest_Generation[sdk=iphonesimulator*]" = YES;
				"INFOPLIST_KEY_UIApplicationSupportsIndirectInputEvents[sdk=iphoneos*]" = YES;
				"INFOPLIST_KEY_UIApplicationSupportsIndirectInputEvents[sdk=iphonesimulator*]" = YES;
				"INFOPLIST_KEY_UILaunchScreen_Generation[sdk=iphoneos*]" = YES;
				"INFOPLIST_KEY_UILaunchScreen_Generation[sdk=iphonesimulator*]" = YES;
				"INFOPLIST_KEY_UIStatusBarStyle[sdk=iphoneos*]" = UIStatusBarStyleDefault;
				"INFOPLIST_KEY_UIStatusBarStyle[sdk=iphonesimulator*]" = UIStatusBarStyleDefault;
				INFOPLIST_KEY_UISupportedInterfaceOrientations_iPad = "UIInterfaceOrientationPortrait UIInterfaceOrientationPortraitUpsideDown UIInterfaceOrientationLandscapeLeft UIInterfaceOrientationLandscapeRight";
				INFOPLIST_KEY_UISupportedInterfaceOrientations_iPhone = "UIInterfaceOrientationPortrait UIInterfaceOrientationLandscapeLeft UIInterfaceOrientationLandscapeRight";
				IPHONEOS_DEPLOYMENT_TARGET = 17.0;
				LD_RUNPATH_SEARCH_PATHS = "@executable_path/Frameworks";
				"LD_RUNPATH_SEARCH_PATHS[sdk=macosx*]" = "@executable_path/../Frameworks";
				MACOSX_DEPLOYMENT_TARGET = 14.0;
				MARKETING_VERSION = 1.0;
				PRODUCT_BUNDLE_IDENTIFIER = com.tsubuzaki.Tunetag;
				PRODUCT_NAME = "$(TARGET_NAME)";
				SDKROOT = auto;
				SUPPORTED_PLATFORMS = "iphoneos iphonesimulator";
				SUPPORTS_MACCATALYST = NO;
				SWIFT_EMIT_LOC_STRINGS = YES;
				SWIFT_VERSION = 5.0;
				TARGETED_DEVICE_FAMILY = "1,2";
			};
			name = Release;
		};
/* End XCBuildConfiguration section */

/* Begin XCConfigurationList section */
		E432A7022AA9FD5E0043BCC9 /* Build configuration list for PBXProject "Tunetag" */ = {
			isa = XCConfigurationList;
			buildConfigurations = (
				E432A7142AA9FD5F0043BCC9 /* Debug */,
				E432A7152AA9FD5F0043BCC9 /* Release */,
			);
			defaultConfigurationIsVisible = 0;
			defaultConfigurationName = Release;
		};
		E432A7162AA9FD5F0043BCC9 /* Build configuration list for PBXNativeTarget "Tunetag" */ = {
			isa = XCConfigurationList;
			buildConfigurations = (
				E432A7172AA9FD5F0043BCC9 /* Debug */,
				E432A7182AA9FD5F0043BCC9 /* Release */,
			);
			defaultConfigurationIsVisible = 0;
			defaultConfigurationName = Release;
		};
/* End XCConfigurationList section */

/* Begin XCRemoteSwiftPackageReference section */
		E432A74A2AAA43F00043BCC9 /* XCRemoteSwiftPackageReference "ID3TagEditor" */ = {
			isa = XCRemoteSwiftPackageReference;
			repositoryURL = "https://github.com/chicio/ID3TagEditor";
			requirement = {
				kind = upToNextMinorVersion;
				minimumVersion = 4.6.0;
			};
		};
/* End XCRemoteSwiftPackageReference section */

/* Begin XCSwiftPackageProductDependency section */
		E432A74B2AAA43F00043BCC9 /* ID3TagEditor */ = {
			isa = XCSwiftPackageProductDependency;
			package = E432A74A2AAA43F00043BCC9 /* XCRemoteSwiftPackageReference "ID3TagEditor" */;
			productName = ID3TagEditor;
		};
/* End XCSwiftPackageProductDependency section */
	};
	rootObject = E432A6FF2AA9FD5E0043BCC9 /* Project object */;
}
